
Microsoft Visual Studio Solution File, Format Version 12.00
# Visual Studio Version 17
VisualStudioVersion = 17.1.32228.430
MinimumVisualStudioVersion = 10.0.40219.1
Project("{FAE04EC0-301F-11D3-BF4B-00C04F79EFBC}") = "TP5.UI", "TP5.UI\TP5.UI.csproj", "{982C0CA2-70EE-49F3-B3BF-C969F9F1C026}"
EndProject
Project("{FAE04EC0-301F-11D3-BF4B-00C04F79EFBC}") = "TP5.Data", "TP5.Data\TP5.Data.csproj", "{53ADCCBD-1C65-4B5E-9F6E-CFF3C3FF87D1}"
EndProject
Project("{FAE04EC0-301F-11D3-BF4B-00C04F79EFBC}") = "TP5.Entities", "TP5.Entities\TP5.Entities.csproj", "{7E64EC6D-EEF4-46BF-8EA4-B90FFE507356}"
EndProject
Project("{FAE04EC0-301F-11D3-BF4B-00C04F79EFBC}") = "TP5.Logic", "TP5.Logic\TP5.Logic.csproj", "{08F7E39F-25A5-45A2-940B-BEEE02A835E7}"
EndProject
Global
	GlobalSection(SolutionConfigurationPlatforms) = preSolution
		Debug|Any CPU = Debug|Any CPU
		Release|Any CPU = Release|Any CPU
	EndGlobalSection
	GlobalSection(ProjectConfigurationPlatforms) = postSolution
		{982C0CA2-70EE-49F3-B3BF-C969F9F1C026}.Debug|Any CPU.ActiveCfg = Debug|Any CPU
		{982C0CA2-70EE-49F3-B3BF-C969F9F1C026}.Debug|Any CPU.Build.0 = Debug|Any CPU
		{982C0CA2-70EE-49F3-B3BF-C969F9F1C026}.Release|Any CPU.ActiveCfg = Release|Any CPU
		{982C0CA2-70EE-49F3-B3BF-C969F9F1C026}.Release|Any CPU.Build.0 = Release|Any CPU
		{53ADCCBD-1C65-4B5E-9F6E-CFF3C3FF87D1}.Debug|Any CPU.ActiveCfg = Debug|Any CPU
		{53ADCCBD-1C65-4B5E-9F6E-CFF3C3FF87D1}.Debug|Any CPU.Build.0 = Debug|Any CPU
		{53ADCCBD-1C65-4B5E-9F6E-CFF3C3FF87D1}.Release|Any CPU.ActiveCfg = Release|Any CPU
		{53ADCCBD-1C65-4B5E-9F6E-CFF3C3FF87D1}.Release|Any CPU.Build.0 = Release|Any CPU
		{7E64EC6D-EEF4-46BF-8EA4-B90FFE507356}.Debug|Any CPU.ActiveCfg = Debug|Any CPU
		{7E64EC6D-EEF4-46BF-8EA4-B90FFE507356}.Debug|Any CPU.Build.0 = Debug|Any CPU
		{7E64EC6D-EEF4-46BF-8EA4-B90FFE507356}.Release|Any CPU.ActiveCfg = Release|Any CPU
		{7E64EC6D-EEF4-46BF-8EA4-B90FFE507356}.Release|Any CPU.Build.0 = Release|Any CPU
		{08F7E39F-25A5-45A2-940B-BEEE02A835E7}.Debug|Any CPU.ActiveCfg = Debug|Any CPU
		{08F7E39F-25A5-45A2-940B-BEEE02A835E7}.Debug|Any CPU.Build.0 = Debug|Any CPU
		{08F7E39F-25A5-45A2-940B-BEEE02A835E7}.Release|Any CPU.ActiveCfg = Release|Any CPU
		{08F7E39F-25A5-45A2-940B-BEEE02A835E7}.Release|Any CPU.Build.0 = Release|Any CPU
	EndGlobalSection
	GlobalSection(SolutionProperties) = preSolution
		HideSolutionNode = FALSE
	EndGlobalSection
	GlobalSection(ExtensibilityGlobals) = postSolution
		SolutionGuid = {1B72A81C-D0E9-4CA8-853E-E972B36EA86D}
	EndGlobalSection
EndGlobal
